
Microsoft Visual Studio Solution File, Format Version 12.00
# Visual Studio Version 16
VisualStudioVersion = 16.0.33927.289
MinimumVisualStudioVersion = 10.0.40219.1
Project("{FAE04EC0-301F-11D3-BF4B-00C04F79EFBC}") = "Ejercicio1", "Ejercicio1.csproj", "{C9CD6680-D865-4149-8E03-87B35FDD766D}"
EndProject
Global
	GlobalSection(SolutionConfigurationPlatforms) = preSolution
		Debug|Any CPU = Debug|Any CPU
		Release|Any CPU = Release|Any CPU
	EndGlobalSection
	GlobalSection(ProjectConfigurationPlatforms) = postSolution
		{C9CD6680-D865-4149-8E03-87B35FDD766D}.Debug|Any CPU.ActiveCfg = Debug|Any CPU
		{C9CD6680-D865-4149-8E03-87B35FDD766D}.Debug|Any CPU.Build.0 = Debug|Any CPU
		{C9CD6680-D865-4149-8E03-87B35FDD766D}.Release|Any CPU.ActiveCfg = Release|Any CPU
		{C9CD6680-D865-4149-8E03-87B35FDD766D}.Release|Any CPU.Build.0 = Release|Any CPU
	EndGlobalSection
	GlobalSection(SolutionProperties) = preSolution
		HideSolutionNode = FALSE
	EndGlobalSection
	GlobalSection(ExtensibilityGlobals) = postSolution
		SolutionGuid = {CE562CFE-588B-47D2-86BC-67DCE5A16E7D}
	EndGlobalSection
EndGlobal
