
Microsoft Visual Studio Solution File, Format Version 12.00
# Visual Studio Version 16
VisualStudioVersion = 16.0.33927.289
MinimumVisualStudioVersion = 10.0.40219.1
Project("{FAE04EC0-301F-11D3-BF4B-00C04F79EFBC}") = "Vector8Elementos", "Vector8Elementos.csproj", "{038477B2-3D71-43FB-BAFF-6AE13F84393C}"
EndProject
Global
	GlobalSection(SolutionConfigurationPlatforms) = preSolution
		Debug|Any CPU = Debug|Any CPU
		Release|Any CPU = Release|Any CPU
	EndGlobalSection
	GlobalSection(ProjectConfigurationPlatforms) = postSolution
		{038477B2-3D71-43FB-BAFF-6AE13F84393C}.Debug|Any CPU.ActiveCfg = Debug|Any CPU
		{038477B2-3D71-43FB-BAFF-6AE13F84393C}.Debug|Any CPU.Build.0 = Debug|Any CPU
		{038477B2-3D71-43FB-BAFF-6AE13F84393C}.Release|Any CPU.ActiveCfg = Release|Any CPU
		{038477B2-3D71-43FB-BAFF-6AE13F84393C}.Release|Any CPU.Build.0 = Release|Any CPU
	EndGlobalSection
	GlobalSection(SolutionProperties) = preSolution
		HideSolutionNode = FALSE
	EndGlobalSection
	GlobalSection(ExtensibilityGlobals) = postSolution
		SolutionGuid = {F2D675B6-78AB-45D1-8FED-6FC2B5331AC6}
	EndGlobalSection
EndGlobal
